{
  "nodes": {
    "flake-utils": {
      "locked": {
        "lastModified": 1644229661,
        "narHash": "sha256-1YdnJAsNy69bpcjuoKdOYQX0YxZBiCYZo4Twxerqv7k=",
        "owner": "numtide",
        "repo": "flake-utils",
        "rev": "3cecb5b042f7f209c56ffd8371b2711a290ec797",
        "type": "github"
      },
      "original": {
        "owner": "numtide",
        "repo": "flake-utils",
        "type": "github"
      }
    },
    "flake-utils_2": {
      "locked": {
        "lastModified": 1629481132,
        "narHash": "sha256-JHgasjPR0/J1J3DRm4KxM4zTyAj4IOJY8vIl75v/kPI=",
        "owner": "numtide",
        "repo": "flake-utils",
        "rev": "997f7efcb746a9c140ce1f13c72263189225f482",
        "type": "github"
      },
      "original": {
        "owner": "numtide",
        "repo": "flake-utils",
        "type": "github"
      }
    },
    "nixpkgs": {
      "locked": {
        "lastModified": 1647321545,
        "narHash": "sha256-alnh5Pc73jdXAiN17G9AfhYEf2aURsTMXa/DXLiA3MI=",
        "owner": "nixos",
        "repo": "nixpkgs",
        "rev": "be872a7453a176df625c12190b8a6c10f6b21647",
        "type": "github"
      },
      "original": {
        "owner": "nixos",
        "ref": "nixpkgs-unstable",
        "repo": "nixpkgs",
        "type": "github"
      }
    },
    "nixpkgs_2": {
      "locked": {
        "lastModified": 1631288242,
        "narHash": "sha256-sXm4KiKs7qSIf5oTAmrlsEvBW193sFj+tKYVirBaXz0=",
        "owner": "NixOS",
        "repo": "nixpkgs",
        "rev": "0e24c87754430cb6ad2f8c8c8021b29834a8845e",
        "type": "github"
      },
      "original": {
        "owner": "NixOS",
        "ref": "nixpkgs-unstable",
        "repo": "nixpkgs",
        "type": "github"
      }
    },
    "root": {
      "inputs": {
        "flake-utils": "flake-utils",
        "nixpkgs": "nixpkgs",
        "wapm-cli": "wapm-cli",
        "zig": "zig"
      }
    },
    "wapm-cli": {
      "flake": false,
      "locked": {
        "lastModified": 1645203498,
        "narHash": "sha256-I7k62sGMu/N0WPJIr74h+vn/5JBoMFtj7GaCNcCzK98=",
        "owner": "wasmerio",
        "repo": "wapm-cli",
        "rev": "a11ea874e20c04fcba8bd33853cf6f908a5e4335",
        "type": "github"
      },
      "original": {
        "owner": "wasmerio",
        "repo": "wapm-cli",
        "type": "github"
      }
    },
    "zig": {
      "inputs": {
        "flake-utils": "flake-utils_2",
        "nixpkgs": "nixpkgs_2"
      },
      "locked": {
        "lastModified": 1647304436,
        "narHash": "sha256-6ztpt0sB4nguImWRtanmg2i0oXBxcgf+LLX0PWiofVQ=",
        "owner": "roarkanize",
        "repo": "zig-overlay",
        "rev": "cb8547f97b2b050ffa9769d951d3f04363ca76bd",
        "type": "github"
      },
      "original": {
        "owner": "roarkanize",
        "repo": "zig-overlay",
        "type": "github"
      }
    }
  },
  "root": "root",
  "version": 7
}
